PODS:
  - Flutter (1.0.0)
  - JCore (2.1.1)
  - JPush (3.2.1):
    - JCore (< 3.0.0, >= 2.0.0)
  - jpush_flutter (0.0.2):
    - Flutter
    - JPush
  - webview_flutter (0.0.1):
    - Flutter

DEPENDENCIES:
  - Flutter (from `Flutter`)
  - jpush_flutter (from `.symlinks/plugins/jpush_flutter/ios`)
  - webview_flutter (from `.symlinks/plugins/webview_flutter/ios`)

SPEC REPOS:
  https://github.com/cocoapods/specs.git:
    - JCore
    - JPush

EXTERNAL SOURCES:
  Flutter:
    :path: Flutter
  jpush_flutter:
    :path: ".symlinks/plugins/jpush_flutter/ios"
  webview_flutter:
    :path: ".symlinks/plugins/webview_flutter/ios"

SPEC CHECKSUMS:
  Flutter: 0e3d915762c693b495b44d77113d4970485de6ec
  JCore: 4072327557f0b83cc22dd4041f2f839740c0077b
  JPush: a1ff8b8ec53fa3419b414946e4db4efa313baeae
  jpush_flutter: d7e3a79466eb9447fd940233f02661b514f137c6
  webview_flutter: bec7599de6bfbe8008a739aa3ebd7b364ea9d0cd

PODFILE CHECKSUM: 1b66dae606f75376c5f2135a8290850eeb09ae83

COCOAPODS: 1.6.1
